// !$*UTF8*$!
{
	archiveVersion = 1;
	classes = {
	};
	objectVersion = 46;
	objects = {

/* Begin PBXBuildFile section */
		CA39AE491EB920FD00EBB5F8 /* Actor.cpp in Sources */ = {isa = PBXBuildFile; fileRef = CA39AE381EB920FD00EBB5F8 /* Actor.cpp */; };
		CA39AE4A1EB920FD00EBB5F8 /* Adventurer.cpp in Sources */ = {isa = PBXBuildFile; fileRef = CA39AE3A1EB920FD00EBB5F8 /* Adventurer.cpp */; };
		CA39AE4B1EB920FD00EBB5F8 /* Guild.cpp in Sources */ = {isa = PBXBuildFile; fileRef = CA39AE3C1EB920FD00EBB5F8 /* Guild.cpp */; };
		CA39AE4C1EB920FD00EBB5F8 /* Mage.cpp in Sources */ = {isa = PBXBuildFile; fileRef = CA39AE3E1EB920FD00EBB5F8 /* Mage.cpp */; };
		CA39AE4D1EB920FD00EBB5F8 /* main.cpp in Sources */ = {isa = PBXBuildFile; fileRef = CA39AE401EB920FD00EBB5F8 /* main.cpp */; };
		CA39AE4E1EB920FD00EBB5F8 /* Paladin.cpp in Sources */ = {isa = PBXBuildFile; fileRef = CA39AE411EB920FD00EBB5F8 /* Paladin.cpp */; };
		CA39AE4F1EB920FD00EBB5F8 /* Ranger.cpp in Sources */ = {isa = PBXBuildFile; fileRef = CA39AE451EB920FD00EBB5F8 /* Ranger.cpp */; };
		CA39AE501EB920FD00EBB5F8 /* Warrior.cpp in Sources */ = {isa = PBXBuildFile; fileRef = CA39AE471EB920FD00EBB5F8 /* Warrior.cpp */; };
/* End PBXBuildFile section */

/* Begin PBXCopyFilesBuildPhase section */
		CA39AE221EB91EC200EBB5F8 /* CopyFiles */ = {
			isa = PBXCopyFilesBuildPhase;
			buildActionMask = 2147483647;
			dstPath = /usr/share/man/man1/;
			dstSubfolderSpec = 0;
			files = (
			);
			runOnlyForDeploymentPostprocessing = 1;
		};
/* End PBXCopyFilesBuildPhase section */

/* Begin PBXFileReference section */
		CA39AE241EB91EC200EBB5F8 /* Project_3 */ = {isa = PBXFileReference; explicitFileType = "compiled.mach-o.executable"; includeInIndex = 0; path = Project_3; sourceTree = BUILT_PRODUCTS_DIR; };
		CA39AE381EB920FD00EBB5F8 /* Actor.cpp */ = {isa = PBXFileReference; fileEncoding = 4; lastKnownFileType = sourcecode.cpp.cpp; name = Actor.cpp; path = "../../../Downloads/CIS-17A---Project-3-Starting-Point-master-3/Project 3 Starting Point/Project 3 Starting Point/Actor.cpp"; sourceTree = "<group>"; };
		CA39AE391EB920FD00EBB5F8 /* Actor.h */ = {isa = PBXFileReference; fileEncoding = 4; lastKnownFileType = sourcecode.c.h; name = Actor.h; path = "../../../Downloads/CIS-17A---Project-3-Starting-Point-master-3/Project 3 Starting Point/Project 3 Starting Point/Actor.h"; sourceTree = "<group>"; };
		CA39AE3A1EB920FD00EBB5F8 /* Adventurer.cpp */ = {isa = PBXFileReference; fileEncoding = 4; lastKnownFileType = sourcecode.cpp.cpp; name = Adventurer.cpp; path = "../../../Downloads/CIS-17A---Project-3-Starting-Point-master-3/Project 3 Starting Point/Project 3 Starting Point/Adventurer.cpp"; sourceTree = "<group>"; };
		CA39AE3B1EB920FD00EBB5F8 /* Adventurer.h */ = {isa = PBXFileReference; fileEncoding = 4; lastKnownFileType = sourcecode.c.h; name = Adventurer.h; path = "../../../Downloads/CIS-17A---Project-3-Starting-Point-master-3/Project 3 Starting Point/Project 3 Starting Point/Adventurer.h"; sourceTree = "<group>"; };
		CA39AE3C1EB920FD00EBB5F8 /* Guild.cpp */ = {isa = PBXFileReference; fileEncoding = 4; lastKnownFileType = sourcecode.cpp.cpp; name = Guild.cpp; path = "../../../Downloads/CIS-17A---Project-3-Starting-Point-master-3/Project 3 Starting Point/Project 3 Starting Point/Guild.cpp"; sourceTree = "<group>"; };
		CA39AE3D1EB920FD00EBB5F8 /* Guild.h */ = {isa = PBXFileReference; fileEncoding = 4; lastKnownFileType = sourcecode.c.h; name = Guild.h; path = "../../../Downloads/CIS-17A---Project-3-Starting-Point-master-3/Project 3 Starting Point/Project 3 Starting Point/Guild.h"; sourceTree = "<group>"; };
		CA39AE3E1EB920FD00EBB5F8 /* Mage.cpp */ = {isa = PBXFileReference; fileEncoding = 4; lastKnownFileType = sourcecode.cpp.cpp; name = Mage.cpp; path = "../../../Downloads/CIS-17A---Project-3-Starting-Point-master-3/Project 3 Starting Point/Project 3 Starting Point/Mage.cpp"; sourceTree = "<group>"; };
		CA39AE3F1EB920FD00EBB5F8 /* Mage.h */ = {isa = PBXFileReference; fileEncoding = 4; lastKnownFileType = sourcecode.c.h; name = Mage.h; path = "../../../Downloads/CIS-17A---Project-3-Starting-Point-master-3/Project 3 Starting Point/Project 3 Starting Point/Mage.h"; sourceTree = "<group>"; };
		CA39AE401EB920FD00EBB5F8 /* main.cpp */ = {isa = PBXFileReference; fileEncoding = 4; lastKnownFileType = sourcecode.cpp.cpp; name = main.cpp; path = "../../../Downloads/CIS-17A---Project-3-Starting-Point-master-3/Project 3 Starting Point/Project 3 Starting Point/main.cpp"; sourceTree = "<group>"; };
		CA39AE411EB920FD00EBB5F8 /* Paladin.cpp */ = {isa = PBXFileReference; fileEncoding = 4; lastKnownFileType = sourcecode.cpp.cpp; name = Paladin.cpp; path = "../../../Downloads/CIS-17A---Project-3-Starting-Point-master-3/Project 3 Starting Point/Project 3 Starting Point/Paladin.cpp"; sourceTree = "<group>"; };
		CA39AE421EB920FD00EBB5F8 /* Paladin.h */ = {isa = PBXFileReference; fileEncoding = 4; lastKnownFileType = sourcecode.c.h; name = Paladin.h; path = "../../../Downloads/CIS-17A---Project-3-Starting-Point-master-3/Project 3 Starting Point/Project 3 Starting Point/Paladin.h"; sourceTree = "<group>"; };
		CA39AE451EB920FD00EBB5F8 /* Ranger.cpp */ = {isa = PBXFileReference; fileEncoding = 4; lastKnownFileType = sourcecode.cpp.cpp; name = Ranger.cpp; path = "../../../Downloads/CIS-17A---Project-3-Starting-Point-master-3/Project 3 Starting Point/Project 3 Starting Point/Ranger.cpp"; sourceTree = "<group>"; };
		CA39AE461EB920FD00EBB5F8 /* Ranger.h */ = {isa = PBXFileReference; fileEncoding = 4; lastKnownFileType = sourcecode.c.h; name = Ranger.h; path = "../../../Downloads/CIS-17A---Project-3-Starting-Point-master-3/Project 3 Starting Point/Project 3 Starting Point/Ranger.h"; sourceTree = "<group>"; };
		CA39AE471EB920FD00EBB5F8 /* Warrior.cpp */ = {isa = PBXFileReference; fileEncoding = 4; lastKnownFileType = sourcecode.cpp.cpp; name = Warrior.cpp; path = "../../../Downloads/CIS-17A---Project-3-Starting-Point-master-3/Project 3 Starting Point/Project 3 Starting Point/Warrior.cpp"; sourceTree = "<group>"; };
		CA39AE481EB920FD00EBB5F8 /* Warrior.h */ = {isa = PBXFileReference; fileEncoding = 4; lastKnownFileType = sourcecode.c.h; name = Warrior.h; path = "../../../Downloads/CIS-17A---Project-3-Starting-Point-master-3/Project 3 Starting Point/Project 3 Starting Point/Warrior.h"; sourceTree = "<group>"; };
/* End PBXFileReference section */

/* Begin PBXFrameworksBuildPhase section */
		CA39AE211EB91EC200EBB5F8 /* Frameworks */ = {
			isa = PBXFrameworksBuildPhase;
			buildActionMask = 2147483647;
			files = (
			);
			runOnlyForDeploymentPostprocessing = 0;
		};
/* End PBXFrameworksBuildPhase section */

/* Begin PBXGroup section */
		CA39AE1B1EB91EC200EBB5F8 = {
			isa = PBXGroup;
			children = (
				CA39AE261EB91EC200EBB5F8 /* Project_3 */,
				CA39AE251EB91EC200EBB5F8 /* Products */,
			);
			sourceTree = "<group>";
		};
		CA39AE251EB91EC200EBB5F8 /* Products */ = {
			isa = PBXGroup;
			children = (
				CA39AE241EB91EC200EBB5F8 /* Project_3 */,
			);
			name = Products;
			sourceTree = "<group>";
		};
		CA39AE261EB91EC200EBB5F8 /* Project_3 */ = {
			isa = PBXGroup;
			children = (
				CA39AE381EB920FD00EBB5F8 /* Actor.cpp */,
				CA39AE391EB920FD00EBB5F8 /* Actor.h */,
				CA39AE3A1EB920FD00EBB5F8 /* Adventurer.cpp */,
				CA39AE3B1EB920FD00EBB5F8 /* Adventurer.h */,
				CA39AE3C1EB920FD00EBB5F8 /* Guild.cpp */,
				CA39AE3D1EB920FD00EBB5F8 /* Guild.h */,
				CA39AE3E1EB920FD00EBB5F8 /* Mage.cpp */,
				CA39AE3F1EB920FD00EBB5F8 /* Mage.h */,
				CA39AE401EB920FD00EBB5F8 /* main.cpp */,
				CA39AE411EB920FD00EBB5F8 /* Paladin.cpp */,
				CA39AE421EB920FD00EBB5F8 /* Paladin.h */,
				CA39AE451EB920FD00EBB5F8 /* Ranger.cpp */,
				CA39AE461EB920FD00EBB5F8 /* Ranger.h */,
				CA39AE471EB920FD00EBB5F8 /* Warrior.cpp */,
				CA39AE481EB920FD00EBB5F8 /* Warrior.h */,
			);
			path = Project_3;
			sourceTree = "<group>";
		};
/* End PBXGroup section */

/* Begin PBXNativeTarget section */
		CA39AE231EB91EC200EBB5F8 /* Project_3 */ = {
			isa = PBXNativeTarget;
			buildConfigurationList = CA39AE2B1EB91EC200EBB5F8 /* Build configuration list for PBXNativeTarget "Project_3" */;
			buildPhases = (
				CA39AE201EB91EC200EBB5F8 /* Sources */,
				CA39AE211EB91EC200EBB5F8 /* Frameworks */,
				CA39AE221EB91EC200EBB5F8 /* CopyFiles */,
			);
			buildRules = (
			);
			dependencies = (
			);
			name = Project_3;
			productName = Project_3;
			productReference = CA39AE241EB91EC200EBB5F8 /* Project_3 */;
			productType = "com.apple.product-type.tool";
		};
/* End PBXNativeTarget section */

/* Begin PBXProject section */
		CA39AE1C1EB91EC200EBB5F8 /* Project object */ = {
			isa = PBXProject;
			attributes = {
				LastUpgradeCheck = 0830;
				ORGANIZATIONNAME = Trendsverse;
				TargetAttributes = {
					CA39AE231EB91EC200EBB5F8 = {
						CreatedOnToolsVersion = 8.3.1;
						DevelopmentTeam = N3JZLH7AF4;
						ProvisioningStyle = Automatic;
					};
				};
			};
			buildConfigurationList = CA39AE1F1EB91EC200EBB5F8 /* Build configuration list for PBXProject "Project_3" */;
			compatibilityVersion = "Xcode 3.2";
			developmentRegion = English;
			hasScannedForEncodings = 0;
			knownRegions = (
				en,
			);
			mainGroup = CA39AE1B1EB91EC200EBB5F8;
			productRefGroup = CA39AE251EB91EC200EBB5F8 /* Products */;
			projectDirPath = "";
			projectRoot = "";
			targets = (
				CA39AE231EB91EC200EBB5F8 /* Project_3 */,
			);
		};
/* End PBXProject section */

/* Begin PBXSourcesBuildPhase section */
		CA39AE201EB91EC200EBB5F8 /* Sources */ = {
			isa = PBXSourcesBuildPhase;
			buildActionMask = 2147483647;
			files = (
				CA39AE4F1EB920FD00EBB5F8 /* Ranger.cpp in Sources */,
				CA39AE491EB920FD00EBB5F8 /* Actor.cpp in Sources */,
				CA39AE501EB920FD00EBB5F8 /* Warrior.cpp in Sources */,
				CA39AE4B1EB920FD00EBB5F8 /* Guild.cpp in Sources */,
				CA39AE4A1EB920FD00EBB5F8 /* Adventurer.cpp in Sources */,
				CA39AE4D1EB920FD00EBB5F8 /* main.cpp in Sources */,
				CA39AE4C1EB920FD00EBB5F8 /* Mage.cpp in Sources */,
				CA39AE4E1EB920FD00EBB5F8 /* Paladin.cpp in Sources */,
			);
			runOnlyForDeploymentPostprocessing = 0;
		};
/* End PBXSourcesBuildPhase section */

/* Begin XCBuildConfiguration section */
		CA39AE291EB91EC200EBB5F8 /* Debug */ = {
			isa = XCBuildConfiguration;
			buildSettings = {
				ALWAYS_SEARCH_USER_PATHS = NO;
				CLANG_ANALYZER_NONNULL = YES;
				CLANG_ANALYZER_NUMBER_OBJECT_CONVERSION = YES_AGGRESSIVE;
				CLANG_CXX_LANGUAGE_STANDARD = "gnu++0x";
				CLANG_CXX_LIBRARY = "libc++";
				CLANG_ENABLE_MODULES = YES;
				CLANG_ENABLE_OBJC_ARC = YES;
				CLANG_WARN_BOOL_CONVERSION = YES;
				CLANG_WARN_CONSTANT_CONVERSION = YES;
				CLANG_WARN_DIRECT_OBJC_ISA_USAGE = YES_ERROR;
				CLANG_WARN_DOCUMENTATION_COMMENTS = YES;
				CLANG_WARN_EMPTY_BODY = YES;
				CLANG_WARN_ENUM_CONVERSION = YES;
				CLANG_WARN_INFINITE_RECURSION = YES;
				CLANG_WARN_INT_CONVERSION = YES;
				CLANG_WARN_OBJC_ROOT_CLASS = YES_ERROR;
				CLANG_WARN_SUSPICIOUS_MOVE = YES;
				CLANG_WARN_UNREACHABLE_CODE = YES;
				CLANG_WARN__DUPLICATE_METHOD_MATCH = YES;
				CODE_SIGN_IDENTITY = "-";
				COPY_PHASE_STRIP = NO;
				DEBUG_INFORMATION_FORMAT = dwarf;
				ENABLE_STRICT_OBJC_MSGSEND = YES;
				ENABLE_TESTABILITY = YES;
				GCC_C_LANGUAGE_STANDARD = gnu99;
				GCC_DYNAMIC_NO_PIC = NO;
				GCC_NO_COMMON_BLOCKS = YES;
				GCC_OPTIMIZATION_LEVEL = 0;
				GCC_PREPROCESSOR_DEFINITIONS = (
					"DEBUG=1",
					"$(inherited)",
				);
				GCC_WARN_64_TO_32_BIT_CONVERSION = YES;
				GCC_WARN_ABOUT_RETURN_TYPE = YES_ERROR;
				GCC_WARN_UNDECLARED_SELECTOR = YES;
				GCC_WARN_UNINITIALIZED_AUTOS = YES_AGGRESSIVE;
				GCC_WARN_UNUSED_FUNCTION = YES;
				GCC_WARN_UNUSED_VARIABLE = YES;
				MACOSX_DEPLOYMENT_TARGET = 10.12;
				MTL_ENABLE_DEBUG_INFO = YES;
				ONLY_ACTIVE_ARCH = YES;
				SDKROOT = macosx;
			};
			name = Debug;
		};
		CA39AE2A1EB91EC200EBB5F8 /* Release */ = {
			isa = XCBuildConfiguration;
			buildSettings = {
				ALWAYS_SEARCH_USER_PATHS = NO;
				CLANG_ANALYZER_NONNULL = YES;
				CLANG_ANALYZER_NUMBER_OBJECT_CONVERSION = YES_AGGRESSIVE;
				CLANG_CXX_LANGUAGE_STANDARD = "gnu++0x";
				CLANG_CXX_LIBRARY = "libc++";
				CLANG_ENABLE_MODULES = YES;
				CLANG_ENABLE_OBJC_ARC = YES;
				CLANG_WARN_BOOL_CONVERSION = YES;
				CLANG_WARN_CONSTANT_CONVERSION = YES;
				CLANG_WARN_DIRECT_OBJC_ISA_USAGE = YES_ERROR;
				CLANG_WARN_DOCUMENTATION_COMMENTS = YES;
				CLANG_WARN_EMPTY_BODY = YES;
				CLANG_WARN_ENUM_CONVERSION = YES;
				CLANG_WARN_INFINITE_RECURSION = YES;
				CLANG_WARN_INT_CONVERSION = YES;
				CLANG_WARN_OBJC_ROOT_CLASS = YES_ERROR;
				CLANG_WARN_SUSPICIOUS_MOVE = YES;
				CLANG_WARN_UNREACHABLE_CODE = YES;
				CLANG_WARN__DUPLICATE_METHOD_MATCH = YES;
				CODE_SIGN_IDENTITY = "-";
				COPY_PHASE_STRIP = NO;
				DEBUG_INFORMATION_FORMAT = "dwarf-with-dsym";
				ENABLE_NS_ASSERTIONS = NO;
				ENABLE_STRICT_OBJC_MSGSEND = YES;
				GCC_C_LANGUAGE_STANDARD = gnu99;
				GCC_NO_COMMON_BLOCKS = YES;
				GCC_WARN_64_TO_32_BIT_CONVERSION = YES;
				GCC_WARN_ABOUT_RETURN_TYPE = YES_ERROR;
				GCC_WARN_UNDECLARED_SELECTOR = YES;
				GCC_WARN_UNINITIALIZED_AUTOS = YES_AGGRESSIVE;
				GCC_WARN_UNUSED_FUNCTION = YES;
				GCC_WARN_UNUSED_VARIABLE = YES;
				MACOSX_DEPLOYMENT_TARGET = 10.12;
				MTL_ENABLE_DEBUG_INFO = NO;
				SDKROOT = macosx;
			};
			name = Release;
		};
		CA39AE2C1EB91EC200EBB5F8 /* Debug */ = {
			isa = XCBuildConfiguration;
			buildSettings = {
				DEVELOPMENT_TEAM = N3JZLH7AF4;
				PRODUCT_NAME = "$(TARGET_NAME)";
			};
			name = Debug;
		};
		CA39AE2D1EB91EC200EBB5F8 /* Release */ = {
			isa = XCBuildConfiguration;
			buildSettings = {
				DEVELOPMENT_TEAM = N3JZLH7AF4;
				PRODUCT_NAME = "$(TARGET_NAME)";
			};
			name = Release;
		};
/* End XCBuildConfiguration section */

/* Begin XCConfigurationList section */
		CA39AE1F1EB91EC200EBB5F8 /* Build configuration list for PBXProject "Project_3" */ = {
			isa = XCConfigurationList;
			buildConfigurations = (
				CA39AE291EB91EC200EBB5F8 /* Debug */,
				CA39AE2A1EB91EC200EBB5F8 /* Release */,
			);
			defaultConfigurationIsVisible = 0;
			defaultConfigurationName = Release;
		};
		CA39AE2B1EB91EC200EBB5F8 /* Build configuration list for PBXNativeTarget "Project_3" */ = {
			isa = XCConfigurationList;
			buildConfigurations = (
				CA39AE2C1EB91EC200EBB5F8 /* Debug */,
				CA39AE2D1EB91EC200EBB5F8 /* Release */,
			);
			defaultConfigurationIsVisible = 0;
		};
/* End XCConfigurationList section */
	};
	rootObject = CA39AE1C1EB91EC200EBB5F8 /* Project object */;
}
